// !$*UTF8*$!
{
	archiveVersion = 1;
	classes = {
	};
	objectVersion = 48;
	objects = {

/* Begin PBXBuildFile section */
		699201971FA7F55E006ECA42 /* AppDelegate.m in Sources */ = {isa = PBXBuildFile; fileRef = 699201961FA7F55E006ECA42 /* AppDelegate.m */; };
		6992019A1FA7F55E006ECA42 /* ViewController.m in Sources */ = {isa = PBXBuildFile; fileRef = 699201991FA7F55E006ECA42 /* ViewController.m */; };
		6992019D1FA7F55E006ECA42 /* Main.storyboard in Resources */ = {isa = PBXBuildFile; fileRef = 6992019B1FA7F55E006ECA42 /* Main.storyboard */; };
		6992019F1FA7F55E006ECA42 /* Assets.xcassets in Resources */ = {isa = PBXBuildFile; fileRef = 6992019E1FA7F55E006ECA42 /* Assets.xcassets */; };
		699201A21FA7F55E006ECA42 /* LaunchScreen.storyboard in Resources */ = {isa = PBXBuildFile; fileRef = 699201A01FA7F55E006ECA42 /* LaunchScreen.storyboard */; };
		699201A51FA7F55E006ECA42 /* main.m in Sources */ = {isa = PBXBuildFile; fileRef = 699201A41FA7F55E006ECA42 /* main.m */; };
/* End PBXBuildFile section */

/* Begin PBXFileReference section */
		699201921FA7F55E006ECA42 /* USStates.app */ = {isa = PBXFileReference; explicitFileType = wrapper.application; includeInIndex = 0; path = USStates.app; sourceTree = BUILT_PRODUCTS_DIR; };
		699201951FA7F55E006ECA42 /* AppDelegate.h */ = {isa = PBXFileReference; lastKnownFileType = sourcecode.c.h; path = AppDelegate.h; sourceTree = "<group>"; };
		699201961FA7F55E006ECA42 /* AppDelegate.m */ = {isa = PBXFileReference; lastKnownFileType = sourcecode.c.objc; path = AppDelegate.m; sourceTree = "<group>"; };
		699201981FA7F55E006ECA42 /* ViewController.h */ = {isa = PBXFileReference; lastKnownFileType = sourcecode.c.h; path = ViewController.h; sourceTree = "<group>"; };
		699201991FA7F55E006ECA42 /* ViewController.m */ = {isa = PBXFileReference; lastKnownFileType = sourcecode.c.objc; path = ViewController.m; sourceTree = "<group>"; };
		6992019C1FA7F55E006ECA42 /* Base */ = {isa = PBXFileReference; lastKnownFileType = file.storyboard; name = Base; path = Base.lproj/Main.storyboard; sourceTree = "<group>"; };
		6992019E1FA7F55E006ECA42 /* Assets.xcassets */ = {isa = PBXFileReference; lastKnownFileType = folder.assetcatalog; path = Assets.xcassets; sourceTree = "<group>"; };
		699201A11FA7F55E006ECA42 /* Base */ = {isa = PBXFileReference; lastKnownFileType = file.storyboard; name = Base; path = Base.lproj/LaunchScreen.storyboard; sourceTree = "<group>"; };
		699201A31FA7F55E006ECA42 /* Info.plist */ = {isa = PBXFileReference; lastKnownFileType = text.plist.xml; path = Info.plist; sourceTree = "<group>"; };
		699201A41FA7F55E006ECA42 /* main.m */ = {isa = PBXFileReference; lastKnownFileType = sourcecode.c.objc; path = main.m; sourceTree = "<group>"; };
/* End PBXFileReference section */

/* Begin PBXFrameworksBuildPhase section */
		6992018F1FA7F55E006ECA42 /* Frameworks */ = {
			isa = PBXFrameworksBuildPhase;
			buildActionMask = 2147483647;
			files = (
			);
			runOnlyForDeploymentPostprocessing = 0;
		};
/* End PBXFrameworksBuildPhase section */

/* Begin PBXGroup section */
		699201891FA7F55E006ECA42 = {
			isa = PBXGroup;
			children = (
				699201941FA7F55E006ECA42 /* USStates */,
				699201931FA7F55E006ECA42 /* Products */,
			);
			sourceTree = "<group>";
		};
		699201931FA7F55E006ECA42 /* Products */ = {
			isa = PBXGroup;
			children = (
				699201921FA7F55E006ECA42 /* USStates.app */,
			);
			name = Products;
			sourceTree = "<group>";
		};
		699201941FA7F55E006ECA42 /* USStates */ = {
			isa = PBXGroup;
			children = (
				699201951FA7F55E006ECA42 /* AppDelegate.h */,
				699201961FA7F55E006ECA42 /* AppDelegate.m */,
				699201981FA7F55E006ECA42 /* ViewController.h */,
				699201991FA7F55E006ECA42 /* ViewController.m */,
				6992019B1FA7F55E006ECA42 /* Main.storyboard */,
				6992019E1FA7F55E006ECA42 /* Assets.xcassets */,
				699201A01FA7F55E006ECA42 /* LaunchScreen.storyboard */,
				699201A31FA7F55E006ECA42 /* Info.plist */,
				699201A41FA7F55E006ECA42 /* main.m */,
			);
			path = USStates;
			sourceTree = "<group>";
		};
/* End PBXGroup section */

/* Begin PBXNativeTarget section */
		699201911FA7F55E006ECA42 /* USStates */ = {
			isa = PBXNativeTarget;
			buildConfigurationList = 699201A81FA7F55E006ECA42 /* Build configuration list for PBXNativeTarget "USStates" */;
			buildPhases = (
				6992018E1FA7F55E006ECA42 /* Sources */,
				6992018F1FA7F55E006ECA42 /* Frameworks */,
				699201901FA7F55E006ECA42 /* Resources */,
			);
			buildRules = (
			);
			dependencies = (
			);
			name = USStates;
			productName = USStates;
			productReference = 699201921FA7F55E006ECA42 /* USStates.app */;
			productType = "com.apple.product-type.application";
		};
/* End PBXNativeTarget section */

/* Begin PBXProject section */
		6992018A1FA7F55E006ECA42 /* Project object */ = {
			isa = PBXProject;
			attributes = {
				LastUpgradeCheck = 0900;
				ORGANIZATIONNAME = "Andres Gonzalez";
				TargetAttributes = {
					699201911FA7F55E006ECA42 = {
						CreatedOnToolsVersion = 9.0.1;
						ProvisioningStyle = Automatic;
					};
				};
			};
			buildConfigurationList = 6992018D1FA7F55E006ECA42 /* Build configuration list for PBXProject "USStates" */;
			compatibilityVersion = "Xcode 8.0";
			developmentRegion = en;
			hasScannedForEncodings = 0;
			knownRegions = (
				en,
				Base,
			);
			mainGroup = 699201891FA7F55E006ECA42;
			productRefGroup = 699201931FA7F55E006ECA42 /* Products */;
			projectDirPath = "";
			projectRoot = "";
			targets = (
				699201911FA7F55E006ECA42 /* USStates */,
			);
		};
/* End PBXProject section */

/* Begin PBXResourcesBuildPhase section */
		699201901FA7F55E006ECA42 /* Resources */ = {
			isa = PBXResourcesBuildPhase;
			buildActionMask = 2147483647;
			files = (
				699201A21FA7F55E006ECA42 /* LaunchScreen.storyboard in Resources */,
				6992019F1FA7F55E006ECA42 /* Assets.xcassets in Resources */,
				6992019D1FA7F55E006ECA42 /* Main.storyboard in Resources */,
			);
			runOnlyForDeploymentPostprocessing = 0;
		};
/* End PBXResourcesBuildPhase section */

/* Begin PBXSourcesBuildPhase section */
		6992018E1FA7F55E006ECA42 /* Sources */ = {
			isa = PBXSourcesBuildPhase;
			buildActionMask = 2147483647;
			files = (
				6992019A1FA7F55E006ECA42 /* ViewController.m in Sources */,
				699201A51FA7F55E006ECA42 /* main.m in Sources */,
				699201971FA7F55E006ECA42 /* AppDelegate.m in Sources */,
			);
			runOnlyForDeploymentPostprocessing = 0;
		};
/* End PBXSourcesBuildPhase section */

/* Begin PBXVariantGroup section */
		6992019B1FA7F55E006ECA42 /* Main.storyboard */ = {
			isa = PBXVariantGroup;
			children = (
				6992019C1FA7F55E006ECA42 /* Base */,
			);
			name = Main.storyboard;
			sourceTree = "<group>";
		};
		699201A01FA7F55E006ECA42 /* LaunchScreen.storyboard */ = {
			isa = PBXVariantGroup;
			children = (
				699201A11FA7F55E006ECA42 /* Base */,
			);
			name = LaunchScreen.storyboard;
			sourceTree = "<group>";
		};
/* End PBXVariantGroup section */

/* Begin XCBuildConfiguration section */
		699201A61FA7F55E006ECA42 /* Debug */ = {
			isa = XCBuildConfiguration;
			buildSettings = {
				ALWAYS_SEARCH_USER_PATHS = NO;
				CLANG_ANALYZER_NONNULL = YES;
				CLANG_ANALYZER_NUMBER_OBJECT_CONVERSION = YES_AGGRESSIVE;
				CLANG_CXX_LANGUAGE_STANDARD = "gnu++14";
				CLANG_CXX_LIBRARY = "libc++";
				CLANG_ENABLE_MODULES = YES;
				CLANG_ENABLE_OBJC_ARC = YES;
				CLANG_WARN_BLOCK_CAPTURE_AUTORELEASING = YES;
				CLANG_WARN_BOOL_CONVERSION = YES;
				CLANG_WARN_COMMA = YES;
				CLANG_WARN_CONSTANT_CONVERSION = YES;
				CLANG_WARN_DIRECT_OBJC_ISA_USAGE = YES_ERROR;
				CLANG_WARN_DOCUMENTATION_COMMENTS = YES;
				CLANG_WARN_EMPTY_BODY = YES;
				CLANG_WARN_ENUM_CONVERSION = YES;
				CLANG_WARN_INFINITE_RECURSION = YES;
				CLANG_WARN_INT_CONVERSION = YES;
				CLANG_WARN_NON_LITERAL_NULL_CONVERSION = YES;
				CLANG_WARN_OBJC_LITERAL_CONVERSION = YES;
				CLANG_WARN_OBJC_ROOT_CLASS = YES_ERROR;
				CLANG_WARN_RANGE_LOOP_ANALYSIS = YES;
				CLANG_WARN_STRICT_PROTOTYPES = YES;
				CLANG_WARN_SUSPICIOUS_MOVE = YES;
				CLANG_WARN_UNGUARDED_AVAILABILITY = YES_AGGRESSIVE;
				CLANG_WARN_UNREACHABLE_CODE = YES;
				CLANG_WARN__DUPLICATE_METHOD_MATCH = YES;
				CODE_SIGN_IDENTITY = "iPhone Developer";
				COPY_PHASE_STRIP = NO;
				DEBUG_INFORMATION_FORMAT = dwarf;
				ENABLE_STRICT_OBJC_MSGSEND = YES;
				ENABLE_TESTABILITY = YES;
				GCC_C_LANGUAGE_STANDARD = gnu11;
				GCC_DYNAMIC_NO_PIC = NO;
				GCC_NO_COMMON_BLOCKS = YES;
				GCC_OPTIMIZATION_LEVEL = 0;
				GCC_PREPROCESSOR_DEFINITIONS = (
					"DEBUG=1",
					"$(inherited)",
				);
				GCC_WARN_64_TO_32_BIT_CONVERSION = YES;
				GCC_WARN_ABOUT_RETURN_TYPE = YES_ERROR;
				GCC_WARN_UNDECLARED_SELECTOR = YES;
				GCC_WARN_UNINITIALIZED_AUTOS = YES_AGGRESSIVE;
				GCC_WARN_UNUSED_FUNCTION = YES;
				GCC_WARN_UNUSED_VARIABLE = YES;
				IPHONEOS_DEPLOYMENT_TARGET = 11.0;
				MTL_ENABLE_DEBUG_INFO = YES;
				ONLY_ACTIVE_ARCH = YES;
				SDKROOT = iphoneos;
			};
			name = Debug;
		};
		699201A71FA7F55E006ECA42 /* Release */ = {
			isa = XCBuildConfiguration;
			buildSettings = {
				ALWAYS_SEARCH_USER_PATHS = NO;
				CLANG_ANALYZER_NONNULL = YES;
				CLANG_ANALYZER_NUMBER_OBJECT_CONVERSION = YES_AGGRESSIVE;
				CLANG_CXX_LANGUAGE_STANDARD = "gnu++14";
				CLANG_CXX_LIBRARY = "libc++";
				CLANG_ENABLE_MODULES = YES;
				CLANG_ENABLE_OBJC_ARC = YES;
				CLANG_WARN_BLOCK_CAPTURE_AUTORELEASING = YES;
				CLANG_WARN_BOOL_CONVERSION = YES;
				CLANG_WARN_COMMA = YES;
				CLANG_WARN_CONSTANT_CONVERSION = YES;
				CLANG_WARN_DIRECT_OBJC_ISA_USAGE = YES_ERROR;
				CLANG_WARN_DOCUMENTATION_COMMENTS = YES;
				CLANG_WARN_EMPTY_BODY = YES;
				CLANG_WARN_ENUM_CONVERSION = YES;
				CLANG_WARN_INFINITE_RECURSION = YES;
				CLANG_WARN_INT_CONVERSION = YES;
				CLANG_WARN_NON_LITERAL_NULL_CONVERSION = YES;
				CLANG_WARN_OBJC_LITERAL_CONVERSION = YES;
				CLANG_WARN_OBJC_ROOT_CLASS = YES_ERROR;
				CLANG_WARN_RANGE_LOOP_ANALYSIS = YES;
				CLANG_WARN_STRICT_PROTOTYPES = YES;
				CLANG_WARN_SUSPICIOUS_MOVE = YES;
				CLANG_WARN_UNGUARDED_AVAILABILITY = YES_AGGRESSIVE;
				CLANG_WARN_UNREACHABLE_CODE = YES;
				CLANG_WARN__DUPLICATE_METHOD_MATCH = YES;
				CODE_SIGN_IDENTITY = "iPhone Developer";
				COPY_PHASE_STRIP = NO;
				DEBUG_INFORMATION_FORMAT = "dwarf-with-dsym";
				ENABLE_NS_ASSERTIONS = NO;
				ENABLE_STRICT_OBJC_MSGSEND = YES;
				GCC_C_LANGUAGE_STANDARD = gnu11;
				GCC_NO_COMMON_BLOCKS = YES;
				GCC_WARN_64_TO_32_BIT_CONVERSION = YES;
				GCC_WARN_ABOUT_RETURN_TYPE = YES_ERROR;
				GCC_WARN_UNDECLARED_SELECTOR = YES;
				GCC_WARN_UNINITIALIZED_AUTOS = YES_AGGRESSIVE;
				GCC_WARN_UNUSED_FUNCTION = YES;
				GCC_WARN_UNUSED_VARIABLE = YES;
				IPHONEOS_DEPLOYMENT_TARGET = 11.0;
				MTL_ENABLE_DEBUG_INFO = NO;
				SDKROOT = iphoneos;
				VALIDATE_PRODUCT = YES;
			};
			name = Release;
		};
		699201A91FA7F55E006ECA42 /* Debug */ = {
			isa = XCBuildConfiguration;
			buildSettings = {
				ASSETCATALOG_COMPILER_APPICON_NAME = AppIcon;
				CODE_SIGN_STYLE = Automatic;
				INFOPLIST_FILE = USStates/Info.plist;
				LD_RUNPATH_SEARCH_PATHS = "$(inherited) @executable_path/Frameworks";
				PRODUCT_BUNDLE_IDENTIFIER = edu.mdc.USStates;
				PRODUCT_NAME = "$(TARGET_NAME)";
				TARGETED_DEVICE_FAMILY = "1,2";
			};
			name = Debug;
		};
		699201AA1FA7F55E006ECA42 /* Release */ = {
			isa = XCBuildConfiguration;
			buildSettings = {
				ASSETCATALOG_COMPILER_APPICON_NAME = AppIcon;
				CODE_SIGN_STYLE = Automatic;
				INFOPLIST_FILE = USStates/Info.plist;
				LD_RUNPATH_SEARCH_PATHS = "$(inherited) @executable_path/Frameworks";
				PRODUCT_BUNDLE_IDENTIFIER = edu.mdc.USStates;
				PRODUCT_NAME = "$(TARGET_NAME)";
				TARGETED_DEVICE_FAMILY = "1,2";
			};
			name = Release;
		};
/* End XCBuildConfiguration section */

/* Begin XCConfigurationList section */
		6992018D1FA7F55E006ECA42 /* Build configuration list for PBXProject "USStates" */ = {
			isa = XCConfigurationList;
			buildConfigurations = (
				699201A61FA7F55E006ECA42 /* Debug */,
				699201A71FA7F55E006ECA42 /* Release */,
			);
			defaultConfigurationIsVisible = 0;
			defaultConfigurationName = Release;
		};
		699201A81FA7F55E006ECA42 /* Build configuration list for PBXNativeTarget "USStates" */ = {
			isa = XCConfigurationList;
			buildConfigurations = (
				699201A91FA7F55E006ECA42 /* Debug */,
				699201AA1FA7F55E006ECA42 /* Release */,
			);
			defaultConfigurationIsVisible = 0;
			defaultConfigurationName = Release;
		};
/* End XCConfigurationList section */
	};
	rootObject = 6992018A1FA7F55E006ECA42 /* Project object */;
}
